
Microsoft Visual Studio Solution File, Format Version 12.00
# Visual Studio Version 17
VisualStudioVersion = 17.8.34322.80
MinimumVisualStudioVersion = 10.0.40219.1
Project("{FAE04EC0-301F-11D3-BF4B-00C04F79EFBC}") = "ArkosSound", "ArkosSound\ArkosSound.csproj", "{9B7A052F-4A3C-4035-8B99-AE1C7FFAF02B}"
EndProject
Global
	GlobalSection(SolutionConfigurationPlatforms) = preSolution
		Debug|Any CPU = Debug|Any CPU
		Release|Any CPU = Release|Any CPU
	EndGlobalSection
	GlobalSection(ProjectConfigurationPlatforms) = postSolution
		{9B7A052F-4A3C-4035-8B99-AE1C7FFAF02B}.Debug|Any CPU.ActiveCfg = Debug|Any CPU
		{9B7A052F-4A3C-4035-8B99-AE1C7FFAF02B}.Debug|Any CPU.Build.0 = Debug|Any CPU
		{9B7A052F-4A3C-4035-8B99-AE1C7FFAF02B}.Release|Any CPU.ActiveCfg = Release|Any CPU
		{9B7A052F-4A3C-4035-8B99-AE1C7FFAF02B}.Release|Any CPU.Build.0 = Release|Any CPU
	EndGlobalSection
	GlobalSection(SolutionProperties) = preSolution
		HideSolutionNode = FALSE
	EndGlobalSection
	GlobalSection(ExtensibilityGlobals) = postSolution
		SolutionGuid = {43E489F9-0C3A-4C5C-9E3B-AAAE985ADA93}
	EndGlobalSection
EndGlobal
